
Microsoft Visual Studio Solution File, Format Version 12.00
# Visual Studio Version 17
VisualStudioVersion = 17.0.31903.59
MinimumVisualStudioVersion = 10.0.40219.1
Project("{2150E333-8FDC-42A3-9474-1A3956D46DE8}") = "src", "src", "{827E0CD3-B72D-47B6-A68D-7590B98EB39B}"
EndProject
Project("{FAE04EC0-301F-11D3-BF4B-00C04F79EFBC}") = "MarkdownToRazor", "src\MarkdownToRazor\MarkdownToRazor.csproj", "{F1E5C3A0-1234-4567-8901-123456789ABC}"
EndProject
Project("{FAE04EC0-301F-11D3-BF4B-00C04F79EFBC}") = "MarkdownToRazor.Sample.BlazorWasm", "src\MarkdownToRazor.Sample.BlazorWasm\MarkdownToRazor.Sample.BlazorWasm.csproj", "{525F839A-0B56-4908-B108-52D837817FB4}"
EndProject
Project("{2150E333-8FDC-42A3-9474-1A3956D46DE8}") = "tests", "tests", "{0AB3BF05-4346-4AA6-1389-037BE0695223}"
EndProject
Project("{FAE04EC0-301F-11D3-BF4B-00C04F79EFBC}") = "MarkdownToRazor.Tests", "tests\MarkdownToRazor.Tests\MarkdownToRazor.Tests.csproj", "{942E4740-73BA-4F1B-B1B5-23931047040A}"
EndProject
Project("{FAE04EC0-301F-11D3-BF4B-00C04F79EFBC}") = "MarkdownToRazor.Sample.BlazorServer", "src\MarkdownToRazor.Sample.BlazorServer\MarkdownToRazor.Sample.BlazorServer.csproj", "{081B6E40-55F0-4DA0-BF4B-E3BBFA7D02CB}"
EndProject
Global
	GlobalSection(SolutionConfigurationPlatforms) = preSolution
		Debug|Any CPU = Debug|Any CPU
		Debug|x64 = Debug|x64
		Debug|x86 = Debug|x86
		Release|Any CPU = Release|Any CPU
		Release|x64 = Release|x64
		Release|x86 = Release|x86
	EndGlobalSection
	GlobalSection(ProjectConfigurationPlatforms) = postSolution
		{F1E5C3A0-1234-4567-8901-123456789ABC}.Debug|Any CPU.ActiveCfg = Debug|Any CPU
		{F1E5C3A0-1234-4567-8901-123456789ABC}.Debug|Any CPU.Build.0 = Debug|Any CPU
		{F1E5C3A0-1234-4567-8901-123456789ABC}.Debug|x64.ActiveCfg = Debug|Any CPU
		{F1E5C3A0-1234-4567-8901-123456789ABC}.Debug|x64.Build.0 = Debug|Any CPU
		{F1E5C3A0-1234-4567-8901-123456789ABC}.Debug|x86.ActiveCfg = Debug|Any CPU
		{F1E5C3A0-1234-4567-8901-123456789ABC}.Debug|x86.Build.0 = Debug|Any CPU
		{F1E5C3A0-1234-4567-8901-123456789ABC}.Release|Any CPU.ActiveCfg = Release|Any CPU
		{F1E5C3A0-1234-4567-8901-123456789ABC}.Release|Any CPU.Build.0 = Release|Any CPU
		{F1E5C3A0-1234-4567-8901-123456789ABC}.Release|x64.ActiveCfg = Release|Any CPU
		{F1E5C3A0-1234-4567-8901-123456789ABC}.Release|x64.Build.0 = Release|Any CPU
		{F1E5C3A0-1234-4567-8901-123456789ABC}.Release|x86.ActiveCfg = Release|Any CPU
		{F1E5C3A0-1234-4567-8901-123456789ABC}.Release|x86.Build.0 = Release|Any CPU
		{525F839A-0B56-4908-B108-52D837817FB4}.Debug|Any CPU.ActiveCfg = Debug|Any CPU
		{525F839A-0B56-4908-B108-52D837817FB4}.Debug|Any CPU.Build.0 = Debug|Any CPU
		{525F839A-0B56-4908-B108-52D837817FB4}.Debug|x64.ActiveCfg = Debug|Any CPU
		{525F839A-0B56-4908-B108-52D837817FB4}.Debug|x64.Build.0 = Debug|Any CPU
		{525F839A-0B56-4908-B108-52D837817FB4}.Debug|x86.ActiveCfg = Debug|Any CPU
		{525F839A-0B56-4908-B108-52D837817FB4}.Debug|x86.Build.0 = Debug|Any CPU
		{525F839A-0B56-4908-B108-52D837817FB4}.Release|Any CPU.ActiveCfg = Release|Any CPU
		{525F839A-0B56-4908-B108-52D837817FB4}.Release|Any CPU.Build.0 = Release|Any CPU
		{525F839A-0B56-4908-B108-52D837817FB4}.Release|x64.ActiveCfg = Release|Any CPU
		{525F839A-0B56-4908-B108-52D837817FB4}.Release|x64.Build.0 = Release|Any CPU
		{525F839A-0B56-4908-B108-52D837817FB4}.Release|x86.ActiveCfg = Release|Any CPU
		{525F839A-0B56-4908-B108-52D837817FB4}.Release|x86.Build.0 = Release|Any CPU
		{942E4740-73BA-4F1B-B1B5-23931047040A}.Debug|Any CPU.ActiveCfg = Debug|Any CPU
		{942E4740-73BA-4F1B-B1B5-23931047040A}.Debug|Any CPU.Build.0 = Debug|Any CPU
		{942E4740-73BA-4F1B-B1B5-23931047040A}.Debug|x64.ActiveCfg = Debug|Any CPU
		{942E4740-73BA-4F1B-B1B5-23931047040A}.Debug|x64.Build.0 = Debug|Any CPU
		{942E4740-73BA-4F1B-B1B5-23931047040A}.Debug|x86.ActiveCfg = Debug|Any CPU
		{942E4740-73BA-4F1B-B1B5-23931047040A}.Debug|x86.Build.0 = Debug|Any CPU
		{942E4740-73BA-4F1B-B1B5-23931047040A}.Release|Any CPU.ActiveCfg = Release|Any CPU
		{942E4740-73BA-4F1B-B1B5-23931047040A}.Release|Any CPU.Build.0 = Release|Any CPU
		{942E4740-73BA-4F1B-B1B5-23931047040A}.Release|x64.ActiveCfg = Release|Any CPU
		{942E4740-73BA-4F1B-B1B5-23931047040A}.Release|x64.Build.0 = Release|Any CPU
		{942E4740-73BA-4F1B-B1B5-23931047040A}.Release|x86.ActiveCfg = Release|Any CPU
		{942E4740-73BA-4F1B-B1B5-23931047040A}.Release|x86.Build.0 = Release|Any CPU
		{081B6E40-55F0-4DA0-BF4B-E3BBFA7D02CB}.Debug|Any CPU.ActiveCfg = Debug|Any CPU
		{081B6E40-55F0-4DA0-BF4B-E3BBFA7D02CB}.Debug|Any CPU.Build.0 = Debug|Any CPU
		{081B6E40-55F0-4DA0-BF4B-E3BBFA7D02CB}.Debug|x64.ActiveCfg = Debug|Any CPU
		{081B6E40-55F0-4DA0-BF4B-E3BBFA7D02CB}.Debug|x64.Build.0 = Debug|Any CPU
		{081B6E40-55F0-4DA0-BF4B-E3BBFA7D02CB}.Debug|x86.ActiveCfg = Debug|Any CPU
		{081B6E40-55F0-4DA0-BF4B-E3BBFA7D02CB}.Debug|x86.Build.0 = Debug|Any CPU
		{081B6E40-55F0-4DA0-BF4B-E3BBFA7D02CB}.Release|Any CPU.ActiveCfg = Release|Any CPU
		{081B6E40-55F0-4DA0-BF4B-E3BBFA7D02CB}.Release|Any CPU.Build.0 = Release|Any CPU
		{081B6E40-55F0-4DA0-BF4B-E3BBFA7D02CB}.Release|x64.ActiveCfg = Release|Any CPU
		{081B6E40-55F0-4DA0-BF4B-E3BBFA7D02CB}.Release|x64.Build.0 = Release|Any CPU
		{081B6E40-55F0-4DA0-BF4B-E3BBFA7D02CB}.Release|x86.ActiveCfg = Release|Any CPU
		{081B6E40-55F0-4DA0-BF4B-E3BBFA7D02CB}.Release|x86.Build.0 = Release|Any CPU
	EndGlobalSection
	GlobalSection(SolutionProperties) = preSolution
		HideSolutionNode = FALSE
	EndGlobalSection
	GlobalSection(NestedProjects) = preSolution
		{F1E5C3A0-1234-4567-8901-123456789ABC} = {827E0CD3-B72D-47B6-A68D-7590B98EB39B}
		{525F839A-0B56-4908-B108-52D837817FB4} = {827E0CD3-B72D-47B6-A68D-7590B98EB39B}
		{942E4740-73BA-4F1B-B1B5-23931047040A} = {0AB3BF05-4346-4AA6-1389-037BE0695223}
		{081B6E40-55F0-4DA0-BF4B-E3BBFA7D02CB} = {827E0CD3-B72D-47B6-A68D-7590B98EB39B}
	EndGlobalSection
	GlobalSection(ExtensibilityGlobals) = postSolution
		SolutionGuid = {E6D20C8C-6127-4F5A-A3F4-AFDA20A18ADE}
	EndGlobalSection
EndGlobal
