
Microsoft Visual Studio Solution File, Format Version 12.00
# Visual Studio Version 17
VisualStudioVersion = 17.0.31903.59
MinimumVisualStudioVersion = 10.0.40219.1
Project("{2150E333-8FDC-42A3-9474-1A3956D46DE8}") = "src", "src", "{827E0CD3-B72D-47B6-A68D-7590B98EB39B}"
EndProject
Project("{FAE04EC0-301F-11D3-BF4B-00C04F79EFBC}") = "MDFileToRazor.CodeGeneration", "src\MDFileToRazor.CodeGeneration\MDFileToRazor.CodeGeneration.csproj", "{EEF1FD6D-448D-4C80-B0EE-C1D4B6922CD0}"
EndProject
Project("{FAE04EC0-301F-11D3-BF4B-00C04F79EFBC}") = "MDFileToRazor.Components", "src\MDFileToRazor.Components\MDFileToRazor.Components.csproj", "{C14F5F80-A325-4490-A1F1-40DDD8094E3C}"
EndProject
Project("{FAE04EC0-301F-11D3-BF4B-00C04F79EFBC}") = "MDFileToRazor.MSBuild", "src\MDFileToRazor.MSBuild\MDFileToRazor.MSBuild.csproj", "{C9D6D546-55D0-4C94-8F6A-7306016F098B}"
EndProject
Project("{FAE04EC0-301F-11D3-BF4B-00C04F79EFBC}") = "MDFileToRazor.Sample.BlazorServer", "src\MDFileToRazor.Sample.BlazorServer\MDFileToRazor.Sample.BlazorServer.csproj", "{525F839A-0B56-4908-B108-52D837817FB4}"
EndProject
Project("{FAE04EC0-301F-11D3-BF4B-00C04F79EFBC}") = "MDFileToRazor", "src\MDFileToRazor\MDFIleTORazor.csproj", "{82F7E640-6ABC-4E92-966F-60353E80B3C1}"
EndProject
Global
	GlobalSection(SolutionConfigurationPlatforms) = preSolution
		Debug|Any CPU = Debug|Any CPU
		Debug|x64 = Debug|x64
		Debug|x86 = Debug|x86
		Release|Any CPU = Release|Any CPU
		Release|x64 = Release|x64
		Release|x86 = Release|x86
	EndGlobalSection
	GlobalSection(ProjectConfigurationPlatforms) = postSolution
		{EEF1FD6D-448D-4C80-B0EE-C1D4B6922CD0}.Debug|Any CPU.ActiveCfg = Debug|Any CPU
		{EEF1FD6D-448D-4C80-B0EE-C1D4B6922CD0}.Debug|Any CPU.Build.0 = Debug|Any CPU
		{EEF1FD6D-448D-4C80-B0EE-C1D4B6922CD0}.Debug|x64.ActiveCfg = Debug|Any CPU
		{EEF1FD6D-448D-4C80-B0EE-C1D4B6922CD0}.Debug|x64.Build.0 = Debug|Any CPU
		{EEF1FD6D-448D-4C80-B0EE-C1D4B6922CD0}.Debug|x86.ActiveCfg = Debug|Any CPU
		{EEF1FD6D-448D-4C80-B0EE-C1D4B6922CD0}.Debug|x86.Build.0 = Debug|Any CPU
		{EEF1FD6D-448D-4C80-B0EE-C1D4B6922CD0}.Release|Any CPU.ActiveCfg = Release|Any CPU
		{EEF1FD6D-448D-4C80-B0EE-C1D4B6922CD0}.Release|Any CPU.Build.0 = Release|Any CPU
		{EEF1FD6D-448D-4C80-B0EE-C1D4B6922CD0}.Release|x64.ActiveCfg = Release|Any CPU
		{EEF1FD6D-448D-4C80-B0EE-C1D4B6922CD0}.Release|x64.Build.0 = Release|Any CPU
		{EEF1FD6D-448D-4C80-B0EE-C1D4B6922CD0}.Release|x86.ActiveCfg = Release|Any CPU
		{EEF1FD6D-448D-4C80-B0EE-C1D4B6922CD0}.Release|x86.Build.0 = Release|Any CPU
		{C14F5F80-A325-4490-A1F1-40DDD8094E3C}.Debug|Any CPU.ActiveCfg = Debug|Any CPU
		{C14F5F80-A325-4490-A1F1-40DDD8094E3C}.Debug|Any CPU.Build.0 = Debug|Any CPU
		{C14F5F80-A325-4490-A1F1-40DDD8094E3C}.Debug|x64.ActiveCfg = Debug|Any CPU
		{C14F5F80-A325-4490-A1F1-40DDD8094E3C}.Debug|x64.Build.0 = Debug|Any CPU
		{C14F5F80-A325-4490-A1F1-40DDD8094E3C}.Debug|x86.ActiveCfg = Debug|Any CPU
		{C14F5F80-A325-4490-A1F1-40DDD8094E3C}.Debug|x86.Build.0 = Debug|Any CPU
		{C14F5F80-A325-4490-A1F1-40DDD8094E3C}.Release|Any CPU.ActiveCfg = Release|Any CPU
		{C14F5F80-A325-4490-A1F1-40DDD8094E3C}.Release|Any CPU.Build.0 = Release|Any CPU
		{C14F5F80-A325-4490-A1F1-40DDD8094E3C}.Release|x64.ActiveCfg = Release|Any CPU
		{C14F5F80-A325-4490-A1F1-40DDD8094E3C}.Release|x64.Build.0 = Release|Any CPU
		{C14F5F80-A325-4490-A1F1-40DDD8094E3C}.Release|x86.ActiveCfg = Release|Any CPU
		{C14F5F80-A325-4490-A1F1-40DDD8094E3C}.Release|x86.Build.0 = Release|Any CPU
		{C9D6D546-55D0-4C94-8F6A-7306016F098B}.Debug|Any CPU.ActiveCfg = Debug|Any CPU
		{C9D6D546-55D0-4C94-8F6A-7306016F098B}.Debug|Any CPU.Build.0 = Debug|Any CPU
		{C9D6D546-55D0-4C94-8F6A-7306016F098B}.Debug|x64.ActiveCfg = Debug|Any CPU
		{C9D6D546-55D0-4C94-8F6A-7306016F098B}.Debug|x64.Build.0 = Debug|Any CPU
		{C9D6D546-55D0-4C94-8F6A-7306016F098B}.Debug|x86.ActiveCfg = Debug|Any CPU
		{C9D6D546-55D0-4C94-8F6A-7306016F098B}.Debug|x86.Build.0 = Debug|Any CPU
		{C9D6D546-55D0-4C94-8F6A-7306016F098B}.Release|Any CPU.ActiveCfg = Release|Any CPU
		{C9D6D546-55D0-4C94-8F6A-7306016F098B}.Release|Any CPU.Build.0 = Release|Any CPU
		{C9D6D546-55D0-4C94-8F6A-7306016F098B}.Release|x64.ActiveCfg = Release|Any CPU
		{C9D6D546-55D0-4C94-8F6A-7306016F098B}.Release|x64.Build.0 = Release|Any CPU
		{C9D6D546-55D0-4C94-8F6A-7306016F098B}.Release|x86.ActiveCfg = Release|Any CPU
		{C9D6D546-55D0-4C94-8F6A-7306016F098B}.Release|x86.Build.0 = Release|Any CPU
		{525F839A-0B56-4908-B108-52D837817FB4}.Debug|Any CPU.ActiveCfg = Debug|Any CPU
		{525F839A-0B56-4908-B108-52D837817FB4}.Debug|Any CPU.Build.0 = Debug|Any CPU
		{525F839A-0B56-4908-B108-52D837817FB4}.Debug|x64.ActiveCfg = Debug|Any CPU
		{525F839A-0B56-4908-B108-52D837817FB4}.Debug|x64.Build.0 = Debug|Any CPU
		{525F839A-0B56-4908-B108-52D837817FB4}.Debug|x86.ActiveCfg = Debug|Any CPU
		{525F839A-0B56-4908-B108-52D837817FB4}.Debug|x86.Build.0 = Debug|Any CPU
		{525F839A-0B56-4908-B108-52D837817FB4}.Release|Any CPU.ActiveCfg = Release|Any CPU
		{525F839A-0B56-4908-B108-52D837817FB4}.Release|Any CPU.Build.0 = Release|Any CPU
		{525F839A-0B56-4908-B108-52D837817FB4}.Release|x64.ActiveCfg = Release|Any CPU
		{525F839A-0B56-4908-B108-52D837817FB4}.Release|x64.Build.0 = Release|Any CPU
		{525F839A-0B56-4908-B108-52D837817FB4}.Release|x86.ActiveCfg = Release|Any CPU
		{525F839A-0B56-4908-B108-52D837817FB4}.Release|x86.Build.0 = Release|Any CPU
		{82F7E640-6ABC-4E92-966F-60353E80B3C1}.Debug|Any CPU.ActiveCfg = Debug|Any CPU
		{82F7E640-6ABC-4E92-966F-60353E80B3C1}.Debug|Any CPU.Build.0 = Debug|Any CPU
		{82F7E640-6ABC-4E92-966F-60353E80B3C1}.Debug|x64.ActiveCfg = Debug|Any CPU
		{82F7E640-6ABC-4E92-966F-60353E80B3C1}.Debug|x64.Build.0 = Debug|Any CPU
		{82F7E640-6ABC-4E92-966F-60353E80B3C1}.Debug|x86.ActiveCfg = Debug|Any CPU
		{82F7E640-6ABC-4E92-966F-60353E80B3C1}.Debug|x86.Build.0 = Debug|Any CPU
		{82F7E640-6ABC-4E92-966F-60353E80B3C1}.Release|Any CPU.ActiveCfg = Release|Any CPU
		{82F7E640-6ABC-4E92-966F-60353E80B3C1}.Release|Any CPU.Build.0 = Release|Any CPU
		{82F7E640-6ABC-4E92-966F-60353E80B3C1}.Release|x64.ActiveCfg = Release|Any CPU
		{82F7E640-6ABC-4E92-966F-60353E80B3C1}.Release|x64.Build.0 = Release|Any CPU
		{82F7E640-6ABC-4E92-966F-60353E80B3C1}.Release|x86.ActiveCfg = Release|Any CPU
		{82F7E640-6ABC-4E92-966F-60353E80B3C1}.Release|x86.Build.0 = Release|Any CPU
	EndGlobalSection
	GlobalSection(SolutionProperties) = preSolution
		HideSolutionNode = FALSE
	EndGlobalSection
	GlobalSection(NestedProjects) = preSolution
		{EEF1FD6D-448D-4C80-B0EE-C1D4B6922CD0} = {827E0CD3-B72D-47B6-A68D-7590B98EB39B}
		{C14F5F80-A325-4490-A1F1-40DDD8094E3C} = {827E0CD3-B72D-47B6-A68D-7590B98EB39B}
		{C9D6D546-55D0-4C94-8F6A-7306016F098B} = {827E0CD3-B72D-47B6-A68D-7590B98EB39B}
		{525F839A-0B56-4908-B108-52D837817FB4} = {827E0CD3-B72D-47B6-A68D-7590B98EB39B}
		{82F7E640-6ABC-4E92-966F-60353E80B3C1} = {827E0CD3-B72D-47B6-A68D-7590B98EB39B}
	EndGlobalSection
EndGlobal
